{
  "name": "score",
  "version": "1.0.0",
  "lockfileVersion": 1,
  "requires": true,
  "dependencies": {
    "esbuild": {
      "version": "0.7.7",
      "resolved": "https://registry.npmjs.org/esbuild/-/esbuild-0.7.7.tgz",
      "integrity": "sha512-1Ub4BBsWwPdxkwjyuXdKrgMIZROZ82ULIRFclOzXXVrqKOv9rMDoShRf23WEbPfeEA94z/BScKyUOyooyQ3XnQ==",
      "dev": true
    },
    "typescript": {
      "version": "4.0.3",
      "resolved": "https://registry.npmjs.org/typescript/-/typescript-4.0.3.tgz",
      "integrity": "sha512-tEu6DGxGgRJPb/mVPIZ48e69xCn2yRmCgYmDugAVwmJ6o+0u1RI18eO7E7WBTLYLaEVVOhwQmcdhQHweux/WPg==",
      "dev": true
    },
    "vue": {
      "version": "2.6.12",
      "resolved": "https://registry.npmjs.org/vue/-/vue-2.6.12.tgz",
      "integrity": "sha512-uhmLFETqPPNyuLLbsKz6ioJ4q7AZHzD8ZVFNATNyICSZouqP2Sz0rotWQC8UNBF6VGSCs5abnKJoStA6JbCbfg=="
    }
  }
}
